// !$*UTF8*$!
{
	archiveVersion = 1;
	classes = {
	};
	objectVersion = 56;
	objects = {

/* Begin PBXBuildFile section */
		17321FB02C47BC8100E6E148 /* FontPickerApp.swift in Sources */ = {isa = PBXBuildFile; fileRef = 17321FAF2C47BC8100E6E148 /* FontPickerApp.swift */; };
		17321FB22C47BC8100E6E148 /* ContentView.swift in Sources */ = {isa = PBXBuildFile; fileRef = 17321FB12C47BC8100E6E148 /* ContentView.swift */; };
		17321FB42C47BC8200E6E148 /* Assets.xcassets in Resources */ = {isa = PBXBuildFile; fileRef = 17321FB32C47BC8200E6E148 /* Assets.xcassets */; };
		17321FB82C47BC8200E6E148 /* Preview Assets.xcassets in Resources */ = {isa = PBXBuildFile; fileRef = 17321FB72C47BC8200E6E148 /* Preview Assets.xcassets */; };
		17321FC62C490D2400E6E148 /* FontModel.swift in Sources */ = {isa = PBXBuildFile; fileRef = 17321FC52C490D2400E6E148 /* FontModel.swift */; };
		17321FC82C490E5200E6E148 /* FontFetchService.swift in Sources */ = {isa = PBXBuildFile; fileRef = 17321FC72C490E5200E6E148 /* FontFetchService.swift */; };
		17321FCB2C49122E00E6E148 /* FontListViewModel.swift in Sources */ = {isa = PBXBuildFile; fileRef = 17321FCA2C49122E00E6E148 /* FontListViewModel.swift */; };
		17321FCD2C4929C500E6E148 /* FontManager.swift in Sources */ = {isa = PBXBuildFile; fileRef = 17321FCC2C4929C500E6E148 /* FontManager.swift */; };
		17321FD12C4A480700E6E148 /* Secrets.xcconfig.example in Resources */ = {isa = PBXBuildFile; fileRef = 17321FD02C4A480700E6E148 /* Secrets.xcconfig.example */; };
		17321FD32C4A482A00E6E148 /* Secrets.xcconfig in Resources */ = {isa = PBXBuildFile; fileRef = 17321FD22C4A482A00E6E148 /* Secrets.xcconfig */; };
/* End PBXBuildFile section */

/* Begin PBXFileReference section */
		17321FAC2C47BC8100E6E148 /* font-picker.app */ = {isa = PBXFileReference; explicitFileType = wrapper.application; includeInIndex = 0; path = "font-picker.app"; sourceTree = BUILT_PRODUCTS_DIR; };
		17321FAF2C47BC8100E6E148 /* FontPickerApp.swift */ = {isa = PBXFileReference; lastKnownFileType = sourcecode.swift; path = FontPickerApp.swift; sourceTree = "<group>"; };
		17321FB12C47BC8100E6E148 /* ContentView.swift */ = {isa = PBXFileReference; lastKnownFileType = sourcecode.swift; path = ContentView.swift; sourceTree = "<group>"; };
		17321FB32C47BC8200E6E148 /* Assets.xcassets */ = {isa = PBXFileReference; lastKnownFileType = folder.assetcatalog; path = Assets.xcassets; sourceTree = "<group>"; };
		17321FB52C47BC8200E6E148 /* font_picker.entitlements */ = {isa = PBXFileReference; lastKnownFileType = text.plist.entitlements; path = font_picker.entitlements; sourceTree = "<group>"; };
		17321FB72C47BC8200E6E148 /* Preview Assets.xcassets */ = {isa = PBXFileReference; lastKnownFileType = folder.assetcatalog; path = "Preview Assets.xcassets"; sourceTree = "<group>"; };
		17321FC52C490D2400E6E148 /* FontModel.swift */ = {isa = PBXFileReference; lastKnownFileType = sourcecode.swift; path = FontModel.swift; sourceTree = "<group>"; };
		17321FC72C490E5200E6E148 /* FontFetchService.swift */ = {isa = PBXFileReference; lastKnownFileType = sourcecode.swift; path = FontFetchService.swift; sourceTree = "<group>"; };
		17321FCA2C49122E00E6E148 /* FontListViewModel.swift */ = {isa = PBXFileReference; lastKnownFileType = sourcecode.swift; path = FontListViewModel.swift; sourceTree = "<group>"; };
		17321FCC2C4929C500E6E148 /* FontManager.swift */ = {isa = PBXFileReference; lastKnownFileType = sourcecode.swift; path = FontManager.swift; sourceTree = "<group>"; };
		17321FD02C4A480700E6E148 /* Secrets.xcconfig.example */ = {isa = PBXFileReference; lastKnownFileType = text; path = Secrets.xcconfig.example; sourceTree = "<group>"; };
		17321FD22C4A482A00E6E148 /* Secrets.xcconfig */ = {isa = PBXFileReference; lastKnownFileType = text.xcconfig; path = Secrets.xcconfig; sourceTree = "<group>"; };
		17321FD42C4A4B0F00E6E148 /* Info.plist */ = {isa = PBXFileReference; lastKnownFileType = text.plist; path = Info.plist; sourceTree = "<group>"; };
/* End PBXFileReference section */

/* Begin PBXFrameworksBuildPhase section */
		17321FA92C47BC8100E6E148 /* Frameworks */ = {
			isa = PBXFrameworksBuildPhase;
			buildActionMask = 2147483647;
			files = (
			);
			runOnlyForDeploymentPostprocessing = 0;
		};
/* End PBXFrameworksBuildPhase section */

/* Begin PBXGroup section */
		17321FA32C47BC8100E6E148 = {
			isa = PBXGroup;
			children = (
				17321FAE2C47BC8100E6E148 /* font-picker */,
				17321FAD2C47BC8100E6E148 /* Products */,
			);
			sourceTree = "<group>";
		};
		17321FAD2C47BC8100E6E148 /* Products */ = {
			isa = PBXGroup;
			children = (
				17321FAC2C47BC8100E6E148 /* font-picker.app */,
			);
			name = Products;
			sourceTree = "<group>";
		};
		17321FAE2C47BC8100E6E148 /* font-picker */ = {
			isa = PBXGroup;
			children = (
				17321FD42C4A4B0F00E6E148 /* Info.plist */,
				17321FC42C490BF800E6E148 /* Services */,
				17321FC22C490BE400E6E148 /* ViewModels */,
				17321FC12C490BCF00E6E148 /* Views */,
				17321FC02C490BC900E6E148 /* Models */,
				17321FAF2C47BC8100E6E148 /* FontPickerApp.swift */,
				17321FB32C47BC8200E6E148 /* Assets.xcassets */,
				17321FB52C47BC8200E6E148 /* font_picker.entitlements */,
				17321FB62C47BC8200E6E148 /* Preview Content */,
				17321FD02C4A480700E6E148 /* Secrets.xcconfig.example */,
				17321FD22C4A482A00E6E148 /* Secrets.xcconfig */,
			);
			path = "font-picker";
			sourceTree = "<group>";
		};
		17321FB62C47BC8200E6E148 /* Preview Content */ = {
			isa = PBXGroup;
			children = (
				17321FB72C47BC8200E6E148 /* Preview Assets.xcassets */,
			);
			path = "Preview Content";
			sourceTree = "<group>";
		};
		17321FC02C490BC900E6E148 /* Models */ = {
			isa = PBXGroup;
			children = (
				17321FC52C490D2400E6E148 /* FontModel.swift */,
			);
			path = Models;
			sourceTree = "<group>";
		};
		17321FC12C490BCF00E6E148 /* Views */ = {
			isa = PBXGroup;
			children = (
				17321FB12C47BC8100E6E148 /* ContentView.swift */,
			);
			path = Views;
			sourceTree = "<group>";
		};
		17321FC22C490BE400E6E148 /* ViewModels */ = {
			isa = PBXGroup;
			children = (
				17321FCA2C49122E00E6E148 /* FontListViewModel.swift */,
			);
			path = ViewModels;
			sourceTree = "<group>";
		};
		17321FC42C490BF800E6E148 /* Services */ = {
			isa = PBXGroup;
			children = (
				17321FC72C490E5200E6E148 /* FontFetchService.swift */,
				17321FCC2C4929C500E6E148 /* FontManager.swift */,
			);
			path = Services;
			sourceTree = "<group>";
		};
/* End PBXGroup section */

/* Begin PBXNativeTarget section */
		17321FAB2C47BC8100E6E148 /* font-picker */ = {
			isa = PBXNativeTarget;
			buildConfigurationList = 17321FBB2C47BC8200E6E148 /* Build configuration list for PBXNativeTarget "font-picker" */;
			buildPhases = (
				17321FA82C47BC8100E6E148 /* Sources */,
				17321FA92C47BC8100E6E148 /* Frameworks */,
				17321FAA2C47BC8100E6E148 /* Resources */,
			);
			buildRules = (
			);
			dependencies = (
			);
			name = "font-picker";
			productName = "font-picker";
			productReference = 17321FAC2C47BC8100E6E148 /* font-picker.app */;
			productType = "com.apple.product-type.application";
		};
/* End PBXNativeTarget section */

/* Begin PBXProject section */
		17321FA42C47BC8100E6E148 /* Project object */ = {
			isa = PBXProject;
			attributes = {
				BuildIndependentTargetsInParallel = 1;
				LastSwiftUpdateCheck = 1430;
				LastUpgradeCheck = 1430;
				TargetAttributes = {
					17321FAB2C47BC8100E6E148 = {
						CreatedOnToolsVersion = 14.3.1;
					};
				};
			};
			buildConfigurationList = 17321FA72C47BC8100E6E148 /* Build configuration list for PBXProject "font-picker" */;
			compatibilityVersion = "Xcode 14.0";
			developmentRegion = en;
			hasScannedForEncodings = 0;
			knownRegions = (
				en,
				Base,
			);
			mainGroup = 17321FA32C47BC8100E6E148;
			productRefGroup = 17321FAD2C47BC8100E6E148 /* Products */;
			projectDirPath = "";
			projectRoot = "";
			targets = (
				17321FAB2C47BC8100E6E148 /* font-picker */,
			);
		};
/* End PBXProject section */

/* Begin PBXResourcesBuildPhase section */
		17321FAA2C47BC8100E6E148 /* Resources */ = {
			isa = PBXResourcesBuildPhase;
			buildActionMask = 2147483647;
			files = (
				17321FD32C4A482A00E6E148 /* Secrets.xcconfig in Resources */,
				17321FB82C47BC8200E6E148 /* Preview Assets.xcassets in Resources */,
				17321FD12C4A480700E6E148 /* Secrets.xcconfig.example in Resources */,
				17321FB42C47BC8200E6E148 /* Assets.xcassets in Resources */,
			);
			runOnlyForDeploymentPostprocessing = 0;
		};
/* End PBXResourcesBuildPhase section */

/* Begin PBXSourcesBuildPhase section */
		17321FA82C47BC8100E6E148 /* Sources */ = {
			isa = PBXSourcesBuildPhase;
			buildActionMask = 2147483647;
			files = (
				17321FC82C490E5200E6E148 /* FontFetchService.swift in Sources */,
				17321FCD2C4929C500E6E148 /* FontManager.swift in Sources */,
				17321FB22C47BC8100E6E148 /* ContentView.swift in Sources */,
				17321FCB2C49122E00E6E148 /* FontListViewModel.swift in Sources */,
				17321FC62C490D2400E6E148 /* FontModel.swift in Sources */,
				17321FB02C47BC8100E6E148 /* FontPickerApp.swift in Sources */,
			);
			runOnlyForDeploymentPostprocessing = 0;
		};
/* End PBXSourcesBuildPhase section */

/* Begin XCBuildConfiguration section */
		17321FB92C47BC8200E6E148 /* Debug */ = {
			isa = XCBuildConfiguration;
			baseConfigurationReference = 17321FD22C4A482A00E6E148 /* Secrets.xcconfig */;
			buildSettings = {
				ALWAYS_SEARCH_USER_PATHS = NO;
				CLANG_ANALYZER_NONNULL = YES;
				CLANG_ANALYZER_NUMBER_OBJECT_CONVERSION = YES_AGGRESSIVE;
				CLANG_CXX_LANGUAGE_STANDARD = "gnu++20";
				CLANG_ENABLE_MODULES = YES;
				CLANG_ENABLE_OBJC_ARC = YES;
				CLANG_ENABLE_OBJC_WEAK = YES;
				CLANG_WARN_BLOCK_CAPTURE_AUTORELEASING = YES;
				CLANG_WARN_BOOL_CONVERSION = YES;
				CLANG_WARN_COMMA = YES;
				CLANG_WARN_CONSTANT_CONVERSION = YES;
				CLANG_WARN_DEPRECATED_OBJC_IMPLEMENTATIONS = YES;
				CLANG_WARN_DIRECT_OBJC_ISA_USAGE = YES_ERROR;
				CLANG_WARN_DOCUMENTATION_COMMENTS = YES;
				CLANG_WARN_EMPTY_BODY = YES;
				CLANG_WARN_ENUM_CONVERSION = YES;
				CLANG_WARN_INFINITE_RECURSION = YES;
				CLANG_WARN_INT_CONVERSION = YES;
				CLANG_WARN_NON_LITERAL_NULL_CONVERSION = YES;
				CLANG_WARN_OBJC_IMPLICIT_RETAIN_SELF = YES;
				CLANG_WARN_OBJC_LITERAL_CONVERSION = YES;
				CLANG_WARN_OBJC_ROOT_CLASS = YES_ERROR;
				CLANG_WARN_QUOTED_INCLUDE_IN_FRAMEWORK_HEADER = YES;
				CLANG_WARN_RANGE_LOOP_ANALYSIS = YES;
				CLANG_WARN_STRICT_PROTOTYPES = YES;
				CLANG_WARN_SUSPICIOUS_MOVE = YES;
				CLANG_WARN_UNGUARDED_AVAILABILITY = YES_AGGRESSIVE;
				CLANG_WARN_UNREACHABLE_CODE = YES;
				CLANG_WARN__DUPLICATE_METHOD_MATCH = YES;
				COPY_PHASE_STRIP = NO;
				DEBUG_INFORMATION_FORMAT = dwarf;
				ENABLE_STRICT_OBJC_MSGSEND = YES;
				ENABLE_TESTABILITY = YES;
				GCC_C_LANGUAGE_STANDARD = gnu11;
				GCC_DYNAMIC_NO_PIC = NO;
				GCC_NO_COMMON_BLOCKS = YES;
				GCC_OPTIMIZATION_LEVEL = 0;
				GCC_PREPROCESSOR_DEFINITIONS = (
					"DEBUG=1",
					"$(inherited)",
				);
				GCC_WARN_64_TO_32_BIT_CONVERSION = YES;
				GCC_WARN_ABOUT_RETURN_TYPE = YES_ERROR;
				GCC_WARN_UNDECLARED_SELECTOR = YES;
				GCC_WARN_UNINITIALIZED_AUTOS = YES_AGGRESSIVE;
				GCC_WARN_UNUSED_FUNCTION = YES;
				GCC_WARN_UNUSED_VARIABLE = YES;
				MTL_ENABLE_DEBUG_INFO = INCLUDE_SOURCE;
				MTL_FAST_MATH = YES;
				ONLY_ACTIVE_ARCH = YES;
				SWIFT_ACTIVE_COMPILATION_CONDITIONS = DEBUG;
				SWIFT_OPTIMIZATION_LEVEL = "-Onone";
			};
			name = Debug;
		};
		17321FBA2C47BC8200E6E148 /* Release */ = {
			isa = XCBuildConfiguration;
			baseConfigurationReference = 17321FD22C4A482A00E6E148 /* Secrets.xcconfig */;
			buildSettings = {
				ALWAYS_SEARCH_USER_PATHS = NO;
				CLANG_ANALYZER_NONNULL = YES;
				CLANG_ANALYZER_NUMBER_OBJECT_CONVERSION = YES_AGGRESSIVE;
				CLANG_CXX_LANGUAGE_STANDARD = "gnu++20";
				CLANG_ENABLE_MODULES = YES;
				CLANG_ENABLE_OBJC_ARC = YES;
				CLANG_ENABLE_OBJC_WEAK = YES;
				CLANG_WARN_BLOCK_CAPTURE_AUTORELEASING = YES;
				CLANG_WARN_BOOL_CONVERSION = YES;
				CLANG_WARN_COMMA = YES;
				CLANG_WARN_CONSTANT_CONVERSION = YES;
				CLANG_WARN_DEPRECATED_OBJC_IMPLEMENTATIONS = YES;
				CLANG_WARN_DIRECT_OBJC_ISA_USAGE = YES_ERROR;
				CLANG_WARN_DOCUMENTATION_COMMENTS = YES;
				CLANG_WARN_EMPTY_BODY = YES;
				CLANG_WARN_ENUM_CONVERSION = YES;
				CLANG_WARN_INFINITE_RECURSION = YES;
				CLANG_WARN_INT_CONVERSION = YES;
				CLANG_WARN_NON_LITERAL_NULL_CONVERSION = YES;
				CLANG_WARN_OBJC_IMPLICIT_RETAIN_SELF = YES;
				CLANG_WARN_OBJC_LITERAL_CONVERSION = YES;
				CLANG_WARN_OBJC_ROOT_CLASS = YES_ERROR;
				CLANG_WARN_QUOTED_INCLUDE_IN_FRAMEWORK_HEADER = YES;
				CLANG_WARN_RANGE_LOOP_ANALYSIS = YES;
				CLANG_WARN_STRICT_PROTOTYPES = YES;
				CLANG_WARN_SUSPICIOUS_MOVE = YES;
				CLANG_WARN_UNGUARDED_AVAILABILITY = YES_AGGRESSIVE;
				CLANG_WARN_UNREACHABLE_CODE = YES;
				CLANG_WARN__DUPLICATE_METHOD_MATCH = YES;
				COPY_PHASE_STRIP = NO;
				DEBUG_INFORMATION_FORMAT = "dwarf-with-dsym";
				ENABLE_NS_ASSERTIONS = NO;
				ENABLE_STRICT_OBJC_MSGSEND = YES;
				GCC_C_LANGUAGE_STANDARD = gnu11;
				GCC_NO_COMMON_BLOCKS = YES;
				GCC_WARN_64_TO_32_BIT_CONVERSION = YES;
				GCC_WARN_ABOUT_RETURN_TYPE = YES_ERROR;
				GCC_WARN_UNDECLARED_SELECTOR = YES;
				GCC_WARN_UNINITIALIZED_AUTOS = YES_AGGRESSIVE;
				GCC_WARN_UNUSED_FUNCTION = YES;
				GCC_WARN_UNUSED_VARIABLE = YES;
				MTL_ENABLE_DEBUG_INFO = NO;
				MTL_FAST_MATH = YES;
				SWIFT_COMPILATION_MODE = wholemodule;
				SWIFT_OPTIMIZATION_LEVEL = "-O";
			};
			name = Release;
		};
		17321FBC2C47BC8200E6E148 /* Debug */ = {
			isa = XCBuildConfiguration;
			baseConfigurationReference = 17321FD22C4A482A00E6E148 /* Secrets.xcconfig */;
			buildSettings = {
				ASSETCATALOG_COMPILER_APPICON_NAME = AppIcon;
				ASSETCATALOG_COMPILER_GLOBAL_ACCENT_COLOR_NAME = AccentColor;
				CODE_SIGN_ENTITLEMENTS = "font-picker/font_picker.entitlements";
				CODE_SIGN_STYLE = Automatic;
				CURRENT_PROJECT_VERSION = 1;
				DEVELOPMENT_ASSET_PATHS = "\"font-picker/Preview Content\"";
				DEVELOPMENT_TEAM = YFC77CTQFQ;
				ENABLE_HARDENED_RUNTIME = YES;
				ENABLE_PREVIEWS = YES;
				GENERATE_INFOPLIST_FILE = YES;
				INFOPLIST_FILE = "font-picker/Info.plist";
				"INFOPLIST_KEY_UIApplicationSceneManifest_Generation[sdk=iphoneos*]" = YES;
				"INFOPLIST_KEY_UIApplicationSceneManifest_Generation[sdk=iphonesimulator*]" = YES;
				"INFOPLIST_KEY_UIApplicationSupportsIndirectInputEvents[sdk=iphoneos*]" = YES;
				"INFOPLIST_KEY_UIApplicationSupportsIndirectInputEvents[sdk=iphonesimulator*]" = YES;
				"INFOPLIST_KEY_UILaunchScreen_Generation[sdk=iphoneos*]" = YES;
				"INFOPLIST_KEY_UILaunchScreen_Generation[sdk=iphonesimulator*]" = YES;
				"INFOPLIST_KEY_UIStatusBarStyle[sdk=iphoneos*]" = UIStatusBarStyleDefault;
				"INFOPLIST_KEY_UIStatusBarStyle[sdk=iphonesimulator*]" = UIStatusBarStyleDefault;
				INFOPLIST_KEY_UISupportedInterfaceOrientations_iPad = "UIInterfaceOrientationPortrait UIInterfaceOrientationPortraitUpsideDown UIInterfaceOrientationLandscapeLeft UIInterfaceOrientationLandscapeRight";
				INFOPLIST_KEY_UISupportedInterfaceOrientations_iPhone = "UIInterfaceOrientationPortrait UIInterfaceOrientationLandscapeLeft UIInterfaceOrientationLandscapeRight";
				IPHONEOS_DEPLOYMENT_TARGET = 16.4;
				LD_RUNPATH_SEARCH_PATHS = "@executable_path/Frameworks";
				"LD_RUNPATH_SEARCH_PATHS[sdk=macosx*]" = "@executable_path/../Frameworks";
				MACOSX_DEPLOYMENT_TARGET = 13.3;
				MARKETING_VERSION = 1.0;
				PRODUCT_BUNDLE_IDENTIFIER = "exercise.font-picker";
				PRODUCT_NAME = "$(TARGET_NAME)";
				SDKROOT = auto;
				SUPPORTED_PLATFORMS = "iphoneos iphonesimulator";
				SUPPORTS_MACCATALYST = NO;
				SUPPORTS_MAC_DESIGNED_FOR_IPHONE_IPAD = NO;
				SWIFT_EMIT_LOC_STRINGS = YES;
				SWIFT_VERSION = 5.0;
				TARGETED_DEVICE_FAMILY = "1,2";
			};
			name = Debug;
		};
		17321FBD2C47BC8200E6E148 /* Release */ = {
			isa = XCBuildConfiguration;
			baseConfigurationReference = 17321FD22C4A482A00E6E148 /* Secrets.xcconfig */;
			buildSettings = {
				ASSETCATALOG_COMPILER_APPICON_NAME = AppIcon;
				ASSETCATALOG_COMPILER_GLOBAL_ACCENT_COLOR_NAME = AccentColor;
				CODE_SIGN_ENTITLEMENTS = "font-picker/font_picker.entitlements";
				CODE_SIGN_STYLE = Automatic;
				CURRENT_PROJECT_VERSION = 1;
				DEVELOPMENT_ASSET_PATHS = "\"font-picker/Preview Content\"";
				DEVELOPMENT_TEAM = YFC77CTQFQ;
				ENABLE_HARDENED_RUNTIME = YES;
				ENABLE_PREVIEWS = YES;
				GENERATE_INFOPLIST_FILE = YES;
				INFOPLIST_FILE = "font-picker/Info.plist";
				"INFOPLIST_KEY_UIApplicationSceneManifest_Generation[sdk=iphoneos*]" = YES;
				"INFOPLIST_KEY_UIApplicationSceneManifest_Generation[sdk=iphonesimulator*]" = YES;
				"INFOPLIST_KEY_UIApplicationSupportsIndirectInputEvents[sdk=iphoneos*]" = YES;
				"INFOPLIST_KEY_UIApplicationSupportsIndirectInputEvents[sdk=iphonesimulator*]" = YES;
				"INFOPLIST_KEY_UILaunchScreen_Generation[sdk=*]" = YES;
				"INFOPLIST_KEY_UILaunchScreen_Generation[sdk=iphoneos*]" = YES;
				"INFOPLIST_KEY_UILaunchScreen_Generation[sdk=iphonesimulator*]" = YES;
				"INFOPLIST_KEY_UIStatusBarStyle[sdk=iphoneos*]" = UIStatusBarStyleDefault;
				"INFOPLIST_KEY_UIStatusBarStyle[sdk=iphonesimulator*]" = UIStatusBarStyleDefault;
				INFOPLIST_KEY_UISupportedInterfaceOrientations_iPad = "UIInterfaceOrientationPortrait UIInterfaceOrientationPortraitUpsideDown UIInterfaceOrientationLandscapeLeft UIInterfaceOrientationLandscapeRight";
				INFOPLIST_KEY_UISupportedInterfaceOrientations_iPhone = "UIInterfaceOrientationPortrait UIInterfaceOrientationLandscapeLeft UIInterfaceOrientationLandscapeRight";
				IPHONEOS_DEPLOYMENT_TARGET = 16.4;
				LD_RUNPATH_SEARCH_PATHS = "@executable_path/Frameworks";
				"LD_RUNPATH_SEARCH_PATHS[sdk=macosx*]" = "@executable_path/../Frameworks";
				MACOSX_DEPLOYMENT_TARGET = 13.3;
				MARKETING_VERSION = 1.0;
				PRODUCT_BUNDLE_IDENTIFIER = "exercise.font-picker";
				PRODUCT_NAME = "$(TARGET_NAME)";
				SDKROOT = auto;
				SUPPORTED_PLATFORMS = "iphoneos iphonesimulator";
				SUPPORTS_MACCATALYST = NO;
				SUPPORTS_MAC_DESIGNED_FOR_IPHONE_IPAD = NO;
				SWIFT_EMIT_LOC_STRINGS = YES;
				SWIFT_VERSION = 5.0;
				TARGETED_DEVICE_FAMILY = "1,2";
			};
			name = Release;
		};
/* End XCBuildConfiguration section */

/* Begin XCConfigurationList section */
		17321FA72C47BC8100E6E148 /* Build configuration list for PBXProject "font-picker" */ = {
			isa = XCConfigurationList;
			buildConfigurations = (
				17321FB92C47BC8200E6E148 /* Debug */,
				17321FBA2C47BC8200E6E148 /* Release */,
			);
			defaultConfigurationIsVisible = 0;
			defaultConfigurationName = Release;
		};
		17321FBB2C47BC8200E6E148 /* Build configuration list for PBXNativeTarget "font-picker" */ = {
			isa = XCConfigurationList;
			buildConfigurations = (
				17321FBC2C47BC8200E6E148 /* Debug */,
				17321FBD2C47BC8200E6E148 /* Release */,
			);
			defaultConfigurationIsVisible = 0;
			defaultConfigurationName = Release;
		};
/* End XCConfigurationList section */
	};
	rootObject = 17321FA42C47BC8100E6E148 /* Project object */;
}
